
Microsoft Visual Studio Solution File, Format Version 12.00
Project("{FAE04EC0-301F-11D3-BF4B-00C04F79EFBC}") = "Online Health Insurance Managerment", "Online Health Insurance Managerment\Online Health Insurance Managerment.csproj", "{1E61E9BF-9512-4D58-AFD7-2FD1099E146E}"
EndProject
Project("{FAE04EC0-301F-11D3-BF4B-00C04F79EFBC}") = "Mgmt.Service", "Mgmt.Service\Mgmt.Service.csproj", "{31CAF205-29E4-4427-91BD-B5E7FF495BEC}"
EndProject
Global
	GlobalSection(SolutionConfigurationPlatforms) = preSolution
		Debug|Any CPU = Debug|Any CPU
		Release|Any CPU = Release|Any CPU
	EndGlobalSection
	GlobalSection(ProjectConfigurationPlatforms) = postSolution
		{1E61E9BF-9512-4D58-AFD7-2FD1099E146E}.Debug|Any CPU.ActiveCfg = Debug|Any CPU
		{1E61E9BF-9512-4D58-AFD7-2FD1099E146E}.Debug|Any CPU.Build.0 = Debug|Any CPU
		{1E61E9BF-9512-4D58-AFD7-2FD1099E146E}.Release|Any CPU.ActiveCfg = Release|Any CPU
		{1E61E9BF-9512-4D58-AFD7-2FD1099E146E}.Release|Any CPU.Build.0 = Release|Any CPU
		{31CAF205-29E4-4427-91BD-B5E7FF495BEC}.Debug|Any CPU.ActiveCfg = Debug|Any CPU
		{31CAF205-29E4-4427-91BD-B5E7FF495BEC}.Debug|Any CPU.Build.0 = Debug|Any CPU
		{31CAF205-29E4-4427-91BD-B5E7FF495BEC}.Release|Any CPU.ActiveCfg = Release|Any CPU
		{31CAF205-29E4-4427-91BD-B5E7FF495BEC}.Release|Any CPU.Build.0 = Release|Any CPU
	EndGlobalSection
EndGlobal
